
Microsoft Visual Studio Solution File, Format Version 12.00
# Visual Studio Version 17
VisualStudioVersion = 17.14.36310.24 d17.14
MinimumVisualStudioVersion = 10.0.40219.1
Project("{FAE04EC0-301F-11D3-BF4B-00C04F79EFBC}") = "Silvernet", "Silvernet\Silvernet.csproj", "{5787ECAA-957C-47C6-A45E-DC5B79F0217F}"
EndProject
Global
	GlobalSection(SolutionConfigurationPlatforms) = preSolution
		Debug|Any CPU = Debug|Any CPU
		Release|Any CPU = Release|Any CPU
	EndGlobalSection
	GlobalSection(ProjectConfigurationPlatforms) = postSolution
		{5787ECAA-957C-47C6-A45E-DC5B79F0217F}.Debug|Any CPU.ActiveCfg = Debug|Any CPU
		{5787ECAA-957C-47C6-A45E-DC5B79F0217F}.Debug|Any CPU.Build.0 = Debug|Any CPU
		{5787ECAA-957C-47C6-A45E-DC5B79F0217F}.Release|Any CPU.ActiveCfg = Release|Any CPU
		{5787ECAA-957C-47C6-A45E-DC5B79F0217F}.Release|Any CPU.Build.0 = Release|Any CPU
	EndGlobalSection
	GlobalSection(SolutionProperties) = preSolution
		HideSolutionNode = FALSE
	EndGlobalSection
	GlobalSection(ExtensibilityGlobals) = postSolution
		SolutionGuid = {DC29B982-5DFB-4B62-B14D-821EDDD39CFA}
	EndGlobalSection
EndGlobal
